
Microsoft Visual Studio Solution File, Format Version 12.00
# Visual Studio Version 16
VisualStudioVersion = 16.0.31205.134
MinimumVisualStudioVersion = 10.0.40219.1
Project("{8BC9CEB8-8B4A-11D0-8D11-00A0C91BC942}") = "692. 前K个高频单词", "692. 前K个高频单词.vcxproj", "{2167ABC8-5E96-41C6-A31F-2ACCF738BF36}"
EndProject
Global
	GlobalSection(SolutionConfigurationPlatforms) = preSolution
		Debug|x64 = Debug|x64
		Debug|x86 = Debug|x86
		Release|x64 = Release|x64
		Release|x86 = Release|x86
	EndGlobalSection
	GlobalSection(ProjectConfigurationPlatforms) = postSolution
		{2167ABC8-5E96-41C6-A31F-2ACCF738BF36}.Debug|x64.ActiveCfg = Debug|x64
		{2167ABC8-5E96-41C6-A31F-2ACCF738BF36}.Debug|x64.Build.0 = Debug|x64
		{2167ABC8-5E96-41C6-A31F-2ACCF738BF36}.Debug|x86.ActiveCfg = Debug|Win32
		{2167ABC8-5E96-41C6-A31F-2ACCF738BF36}.Debug|x86.Build.0 = Debug|Win32
		{2167ABC8-5E96-41C6-A31F-2ACCF738BF36}.Release|x64.ActiveCfg = Release|x64
		{2167ABC8-5E96-41C6-A31F-2ACCF738BF36}.Release|x64.Build.0 = Release|x64
		{2167ABC8-5E96-41C6-A31F-2ACCF738BF36}.Release|x86.ActiveCfg = Release|Win32
		{2167ABC8-5E96-41C6-A31F-2ACCF738BF36}.Release|x86.Build.0 = Release|Win32
	EndGlobalSection
	GlobalSection(SolutionProperties) = preSolution
		HideSolutionNode = FALSE
	EndGlobalSection
	GlobalSection(ExtensibilityGlobals) = postSolution
		SolutionGuid = {6BB98E09-A87E-4C86-8B80-8F2E175246EB}
	EndGlobalSection
EndGlobal
